// !$*UTF8*$!
{
	archiveVersion = 1;
	classes = {
	};
	objectVersion = 50;
	objects = {

/* Begin PBXBuildFile section */
		5AFEA7BD25714F43008D04CC /* AppDelegate.swift in Sources */ = {isa = PBXBuildFile; fileRef = 5AFEA7BC25714F43008D04CC /* AppDelegate.swift */; };
		5AFEA7BF25714F43008D04CC /* SceneDelegate.swift in Sources */ = {isa = PBXBuildFile; fileRef = 5AFEA7BE25714F43008D04CC /* SceneDelegate.swift */; };
		5AFEA7C125714F43008D04CC /* ViewController.swift in Sources */ = {isa = PBXBuildFile; fileRef = 5AFEA7C025714F43008D04CC /* ViewController.swift */; };
		5AFEA7C425714F43008D04CC /* Main.storyboard in Resources */ = {isa = PBXBuildFile; fileRef = 5AFEA7C225714F43008D04CC /* Main.storyboard */; };
		5AFEA7C625714F49008D04CC /* Assets.xcassets in Resources */ = {isa = PBXBuildFile; fileRef = 5AFEA7C525714F49008D04CC /* Assets.xcassets */; };
		5AFEA7C925714F49008D04CC /* LaunchScreen.storyboard in Resources */ = {isa = PBXBuildFile; fileRef = 5AFEA7C725714F49008D04CC /* LaunchScreen.storyboard */; };
		5AFEA7D425714F4B008D04CC /* FoodTrackerTests.swift in Sources */ = {isa = PBXBuildFile; fileRef = 5AFEA7D325714F4B008D04CC /* FoodTrackerTests.swift */; };
		5AFEA7DF25714F4B008D04CC /* FoodTrackerUITests.swift in Sources */ = {isa = PBXBuildFile; fileRef = 5AFEA7DE25714F4B008D04CC /* FoodTrackerUITests.swift */; };
/* End PBXBuildFile section */

/* Begin PBXContainerItemProxy section */
		5AFEA7D025714F4B008D04CC /* PBXContainerItemProxy */ = {
			isa = PBXContainerItemProxy;
			containerPortal = 5AFEA7B125714F43008D04CC /* Project object */;
			proxyType = 1;
			remoteGlobalIDString = 5AFEA7B825714F43008D04CC;
			remoteInfo = FoodTracker;
		};
		5AFEA7DB25714F4B008D04CC /* PBXContainerItemProxy */ = {
			isa = PBXContainerItemProxy;
			containerPortal = 5AFEA7B125714F43008D04CC /* Project object */;
			proxyType = 1;
			remoteGlobalIDString = 5AFEA7B825714F43008D04CC;
			remoteInfo = FoodTracker;
		};
/* End PBXContainerItemProxy section */

/* Begin PBXFileReference section */
		5AFEA7B925714F43008D04CC /* FoodTracker.app */ = {isa = PBXFileReference; explicitFileType = wrapper.application; includeInIndex = 0; path = FoodTracker.app; sourceTree = BUILT_PRODUCTS_DIR; };
		5AFEA7BC25714F43008D04CC /* AppDelegate.swift */ = {isa = PBXFileReference; lastKnownFileType = sourcecode.swift; path = AppDelegate.swift; sourceTree = "<group>"; };
		5AFEA7BE25714F43008D04CC /* SceneDelegate.swift */ = {isa = PBXFileReference; lastKnownFileType = sourcecode.swift; path = SceneDelegate.swift; sourceTree = "<group>"; };
		5AFEA7C025714F43008D04CC /* ViewController.swift */ = {isa = PBXFileReference; lastKnownFileType = sourcecode.swift; path = ViewController.swift; sourceTree = "<group>"; };
		5AFEA7C325714F43008D04CC /* Base */ = {isa = PBXFileReference; lastKnownFileType = file.storyboard; name = Base; path = Base.lproj/Main.storyboard; sourceTree = "<group>"; };
		5AFEA7C525714F49008D04CC /* Assets.xcassets */ = {isa = PBXFileReference; lastKnownFileType = folder.assetcatalog; path = Assets.xcassets; sourceTree = "<group>"; };
		5AFEA7C825714F49008D04CC /* Base */ = {isa = PBXFileReference; lastKnownFileType = file.storyboard; name = Base; path = Base.lproj/LaunchScreen.storyboard; sourceTree = "<group>"; };
		5AFEA7CA25714F49008D04CC /* Info.plist */ = {isa = PBXFileReference; lastKnownFileType = text.plist.xml; path = Info.plist; sourceTree = "<group>"; };
		5AFEA7CF25714F4B008D04CC /* FoodTrackerTests.xctest */ = {isa = PBXFileReference; explicitFileType = wrapper.cfbundle; includeInIndex = 0; path = FoodTrackerTests.xctest; sourceTree = BUILT_PRODUCTS_DIR; };
		5AFEA7D325714F4B008D04CC /* FoodTrackerTests.swift */ = {isa = PBXFileReference; lastKnownFileType = sourcecode.swift; path = FoodTrackerTests.swift; sourceTree = "<group>"; };
		5AFEA7D525714F4B008D04CC /* Info.plist */ = {isa = PBXFileReference; lastKnownFileType = text.plist.xml; path = Info.plist; sourceTree = "<group>"; };
		5AFEA7DA25714F4B008D04CC /* FoodTrackerUITests.xctest */ = {isa = PBXFileReference; explicitFileType = wrapper.cfbundle; includeInIndex = 0; path = FoodTrackerUITests.xctest; sourceTree = BUILT_PRODUCTS_DIR; };
		5AFEA7DE25714F4B008D04CC /* FoodTrackerUITests.swift */ = {isa = PBXFileReference; lastKnownFileType = sourcecode.swift; path = FoodTrackerUITests.swift; sourceTree = "<group>"; };
		5AFEA7E025714F4B008D04CC /* Info.plist */ = {isa = PBXFileReference; lastKnownFileType = text.plist.xml; path = Info.plist; sourceTree = "<group>"; };
/* End PBXFileReference section */

/* Begin PBXFrameworksBuildPhase section */
		5AFEA7B625714F43008D04CC /* Frameworks */ = {
			isa = PBXFrameworksBuildPhase;
			buildActionMask = 2147483647;
			files = (
			);
			runOnlyForDeploymentPostprocessing = 0;
		};
		5AFEA7CC25714F4B008D04CC /* Frameworks */ = {
			isa = PBXFrameworksBuildPhase;
			buildActionMask = 2147483647;
			files = (
			);
			runOnlyForDeploymentPostprocessing = 0;
		};
		5AFEA7D725714F4B008D04CC /* Frameworks */ = {
			isa = PBXFrameworksBuildPhase;
			buildActionMask = 2147483647;
			files = (
			);
			runOnlyForDeploymentPostprocessing = 0;
		};
/* End PBXFrameworksBuildPhase section */

/* Begin PBXGroup section */
		5AFEA7B025714F43008D04CC = {
			isa = PBXGroup;
			children = (
				5AFEA7BB25714F43008D04CC /* FoodTracker */,
				5AFEA7D225714F4B008D04CC /* FoodTrackerTests */,
				5AFEA7DD25714F4B008D04CC /* FoodTrackerUITests */,
				5AFEA7BA25714F43008D04CC /* Products */,
			);
			sourceTree = "<group>";
		};
		5AFEA7BA25714F43008D04CC /* Products */ = {
			isa = PBXGroup;
			children = (
				5AFEA7B925714F43008D04CC /* FoodTracker.app */,
				5AFEA7CF25714F4B008D04CC /* FoodTrackerTests.xctest */,
				5AFEA7DA25714F4B008D04CC /* FoodTrackerUITests.xctest */,
			);
			name = Products;
			sourceTree = "<group>";
		};
		5AFEA7BB25714F43008D04CC /* FoodTracker */ = {
			isa = PBXGroup;
			children = (
				5AFEA7BC25714F43008D04CC /* AppDelegate.swift */,
				5AFEA7BE25714F43008D04CC /* SceneDelegate.swift */,
				5AFEA7C025714F43008D04CC /* ViewController.swift */,
				5AFEA7C225714F43008D04CC /* Main.storyboard */,
				5AFEA7C525714F49008D04CC /* Assets.xcassets */,
				5AFEA7C725714F49008D04CC /* LaunchScreen.storyboard */,
				5AFEA7CA25714F49008D04CC /* Info.plist */,
			);
			path = FoodTracker;
			sourceTree = "<group>";
		};
		5AFEA7D225714F4B008D04CC /* FoodTrackerTests */ = {
			isa = PBXGroup;
			children = (
				5AFEA7D325714F4B008D04CC /* FoodTrackerTests.swift */,
				5AFEA7D525714F4B008D04CC /* Info.plist */,
			);
			path = FoodTrackerTests;
			sourceTree = "<group>";
		};
		5AFEA7DD25714F4B008D04CC /* FoodTrackerUITests */ = {
			isa = PBXGroup;
			children = (
				5AFEA7DE25714F4B008D04CC /* FoodTrackerUITests.swift */,
				5AFEA7E025714F4B008D04CC /* Info.plist */,
			);
			path = FoodTrackerUITests;
			sourceTree = "<group>";
		};
/* End PBXGroup section */

/* Begin PBXNativeTarget section */
		5AFEA7B825714F43008D04CC /* FoodTracker */ = {
			isa = PBXNativeTarget;
			buildConfigurationList = 5AFEA7E325714F4B008D04CC /* Build configuration list for PBXNativeTarget "FoodTracker" */;
			buildPhases = (
				5AFEA7B525714F43008D04CC /* Sources */,
				5AFEA7B625714F43008D04CC /* Frameworks */,
				5AFEA7B725714F43008D04CC /* Resources */,
			);
			buildRules = (
			);
			dependencies = (
			);
			name = FoodTracker;
			productName = FoodTracker;
			productReference = 5AFEA7B925714F43008D04CC /* FoodTracker.app */;
			productType = "com.apple.product-type.application";
		};
		5AFEA7CE25714F4B008D04CC /* FoodTrackerTests */ = {
			isa = PBXNativeTarget;
			buildConfigurationList = 5AFEA7E625714F4B008D04CC /* Build configuration list for PBXNativeTarget "FoodTrackerTests" */;
			buildPhases = (
				5AFEA7CB25714F4B008D04CC /* Sources */,
				5AFEA7CC25714F4B008D04CC /* Frameworks */,
				5AFEA7CD25714F4B008D04CC /* Resources */,
			);
			buildRules = (
			);
			dependencies = (
				5AFEA7D125714F4B008D04CC /* PBXTargetDependency */,
			);
			name = FoodTrackerTests;
			productName = FoodTrackerTests;
			productReference = 5AFEA7CF25714F4B008D04CC /* FoodTrackerTests.xctest */;
			productType = "com.apple.product-type.bundle.unit-test";
		};
		5AFEA7D925714F4B008D04CC /* FoodTrackerUITests */ = {
			isa = PBXNativeTarget;
			buildConfigurationList = 5AFEA7E925714F4B008D04CC /* Build configuration list for PBXNativeTarget "FoodTrackerUITests" */;
			buildPhases = (
				5AFEA7D625714F4B008D04CC /* Sources */,
				5AFEA7D725714F4B008D04CC /* Frameworks */,
				5AFEA7D825714F4B008D04CC /* Resources */,
			);
			buildRules = (
			);
			dependencies = (
				5AFEA7DC25714F4B008D04CC /* PBXTargetDependency */,
			);
			name = FoodTrackerUITests;
			productName = FoodTrackerUITests;
			productReference = 5AFEA7DA25714F4B008D04CC /* FoodTrackerUITests.xctest */;
			productType = "com.apple.product-type.bundle.ui-testing";
		};
/* End PBXNativeTarget section */

/* Begin PBXProject section */
		5AFEA7B125714F43008D04CC /* Project object */ = {
			isa = PBXProject;
			attributes = {
				LastSwiftUpdateCheck = 1220;
				LastUpgradeCheck = 1220;
				TargetAttributes = {
					5AFEA7B825714F43008D04CC = {
						CreatedOnToolsVersion = 12.2;
					};
					5AFEA7CE25714F4B008D04CC = {
						CreatedOnToolsVersion = 12.2;
						TestTargetID = 5AFEA7B825714F43008D04CC;
					};
					5AFEA7D925714F4B008D04CC = {
						CreatedOnToolsVersion = 12.2;
						TestTargetID = 5AFEA7B825714F43008D04CC;
					};
				};
			};
			buildConfigurationList = 5AFEA7B425714F43008D04CC /* Build configuration list for PBXProject "FoodTracker" */;
			compatibilityVersion = "Xcode 9.3";
			developmentRegion = en;
			hasScannedForEncodings = 0;
			knownRegions = (
				en,
				Base,
			);
			mainGroup = 5AFEA7B025714F43008D04CC;
			productRefGroup = 5AFEA7BA25714F43008D04CC /* Products */;
			projectDirPath = "";
			projectRoot = "";
			targets = (
				5AFEA7B825714F43008D04CC /* FoodTracker */,
				5AFEA7CE25714F4B008D04CC /* FoodTrackerTests */,
				5AFEA7D925714F4B008D04CC /* FoodTrackerUITests */,
			);
		};
/* End PBXProject section */

/* Begin PBXResourcesBuildPhase section */
		5AFEA7B725714F43008D04CC /* Resources */ = {
			isa = PBXResourcesBuildPhase;
			buildActionMask = 2147483647;
			files = (
				5AFEA7C925714F49008D04CC /* LaunchScreen.storyboard in Resources */,
				5AFEA7C625714F49008D04CC /* Assets.xcassets in Resources */,
				5AFEA7C425714F43008D04CC /* Main.storyboard in Resources */,
			);
			runOnlyForDeploymentPostprocessing = 0;
		};
		5AFEA7CD25714F4B008D04CC /* Resources */ = {
			isa = PBXResourcesBuildPhase;
			buildActionMask = 2147483647;
			files = (
			);
			runOnlyForDeploymentPostprocessing = 0;
		};
		5AFEA7D825714F4B008D04CC /* Resources */ = {
			isa = PBXResourcesBuildPhase;
			buildActionMask = 2147483647;
			files = (
			);
			runOnlyForDeploymentPostprocessing = 0;
		};
/* End PBXResourcesBuildPhase section */

/* Begin PBXSourcesBuildPhase section */
		5AFEA7B525714F43008D04CC /* Sources */ = {
			isa = PBXSourcesBuildPhase;
			buildActionMask = 2147483647;
			files = (
				5AFEA7C125714F43008D04CC /* ViewController.swift in Sources */,
				5AFEA7BD25714F43008D04CC /* AppDelegate.swift in Sources */,
				5AFEA7BF25714F43008D04CC /* SceneDelegate.swift in Sources */,
			);
			runOnlyForDeploymentPostprocessing = 0;
		};
		5AFEA7CB25714F4B008D04CC /* Sources */ = {
			isa = PBXSourcesBuildPhase;
			buildActionMask = 2147483647;
			files = (
				5AFEA7D425714F4B008D04CC /* FoodTrackerTests.swift in Sources */,
			);
			runOnlyForDeploymentPostprocessing = 0;
		};
		5AFEA7D625714F4B008D04CC /* Sources */ = {
			isa = PBXSourcesBuildPhase;
			buildActionMask = 2147483647;
			files = (
				5AFEA7DF25714F4B008D04CC /* FoodTrackerUITests.swift in Sources */,
			);
			runOnlyForDeploymentPostprocessing = 0;
		};
/* End PBXSourcesBuildPhase section */

/* Begin PBXTargetDependency section */
		5AFEA7D125714F4B008D04CC /* PBXTargetDependency */ = {
			isa = PBXTargetDependency;
			target = 5AFEA7B825714F43008D04CC /* FoodTracker */;
			targetProxy = 5AFEA7D025714F4B008D04CC /* PBXContainerItemProxy */;
		};
		5AFEA7DC25714F4B008D04CC /* PBXTargetDependency */ = {
			isa = PBXTargetDependency;
			target = 5AFEA7B825714F43008D04CC /* FoodTracker */;
			targetProxy = 5AFEA7DB25714F4B008D04CC /* PBXContainerItemProxy */;
		};
/* End PBXTargetDependency section */

/* Begin PBXVariantGroup section */
		5AFEA7C225714F43008D04CC /* Main.storyboard */ = {
			isa = PBXVariantGroup;
			children = (
				5AFEA7C325714F43008D04CC /* Base */,
			);
			name = Main.storyboard;
			sourceTree = "<group>";
		};
		5AFEA7C725714F49008D04CC /* LaunchScreen.storyboard */ = {
			isa = PBXVariantGroup;
			children = (
				5AFEA7C825714F49008D04CC /* Base */,
			);
			name = LaunchScreen.storyboard;
			sourceTree = "<group>";
		};
/* End PBXVariantGroup section */

/* Begin XCBuildConfiguration section */
		5AFEA7E125714F4B008D04CC /* Debug */ = {
			isa = XCBuildConfiguration;
			buildSettings = {
				ALWAYS_SEARCH_USER_PATHS = NO;
				CLANG_ANALYZER_NONNULL = YES;
				CLANG_ANALYZER_NUMBER_OBJECT_CONVERSION = YES_AGGRESSIVE;
				CLANG_CXX_LANGUAGE_STANDARD = "gnu++14";
				CLANG_CXX_LIBRARY = "libc++";
				CLANG_ENABLE_MODULES = YES;
				CLANG_ENABLE_OBJC_ARC = YES;
				CLANG_ENABLE_OBJC_WEAK = YES;
				CLANG_WARN_BLOCK_CAPTURE_AUTORELEASING = YES;
				CLANG_WARN_BOOL_CONVERSION = YES;
				CLANG_WARN_COMMA = YES;
				CLANG_WARN_CONSTANT_CONVERSION = YES;
				CLANG_WARN_DEPRECATED_OBJC_IMPLEMENTATIONS = YES;
				CLANG_WARN_DIRECT_OBJC_ISA_USAGE = YES_ERROR;
				CLANG_WARN_DOCUMENTATION_COMMENTS = YES;
				CLANG_WARN_EMPTY_BODY = YES;
				CLANG_WARN_ENUM_CONVERSION = YES;
				CLANG_WARN_INFINITE_RECURSION = YES;
				CLANG_WARN_INT_CONVERSION = YES;
				CLANG_WARN_NON_LITERAL_NULL_CONVERSION = YES;
				CLANG_WARN_OBJC_IMPLICIT_RETAIN_SELF = YES;
				CLANG_WARN_OBJC_LITERAL_CONVERSION = YES;
				CLANG_WARN_OBJC_ROOT_CLASS = YES_ERROR;
				CLANG_WARN_QUOTED_INCLUDE_IN_FRAMEWORK_HEADER = YES;
				CLANG_WARN_RANGE_LOOP_ANALYSIS = YES;
				CLANG_WARN_STRICT_PROTOTYPES = YES;
				CLANG_WARN_SUSPICIOUS_MOVE = YES;
				CLANG_WARN_UNGUARDED_AVAILABILITY = YES_AGGRESSIVE;
				CLANG_WARN_UNREACHABLE_CODE = YES;
				CLANG_WARN__DUPLICATE_METHOD_MATCH = YES;
				COPY_PHASE_STRIP = NO;
				DEBUG_INFORMATION_FORMAT = dwarf;
				ENABLE_STRICT_OBJC_MSGSEND = YES;
				ENABLE_TESTABILITY = YES;
				GCC_C_LANGUAGE_STANDARD = gnu11;
				GCC_DYNAMIC_NO_PIC = NO;
				GCC_NO_COMMON_BLOCKS = YES;
				GCC_OPTIMIZATION_LEVEL = 0;
				GCC_PREPROCESSOR_DEFINITIONS = (
					"DEBUG=1",
					"$(inherited)",
				);
				GCC_WARN_64_TO_32_BIT_CONVERSION = YES;
				GCC_WARN_ABOUT_RETURN_TYPE = YES_ERROR;
				GCC_WARN_UNDECLARED_SELECTOR = YES;
				GCC_WARN_UNINITIALIZED_AUTOS = YES_AGGRESSIVE;
				GCC_WARN_UNUSED_FUNCTION = YES;
				GCC_WARN_UNUSED_VARIABLE = YES;
				IPHONEOS_DEPLOYMENT_TARGET = 14.2;
				MTL_ENABLE_DEBUG_INFO = INCLUDE_SOURCE;
				MTL_FAST_MATH = YES;
				ONLY_ACTIVE_ARCH = YES;
				SDKROOT = iphoneos;
				SWIFT_ACTIVE_COMPILATION_CONDITIONS = DEBUG;
				SWIFT_OPTIMIZATION_LEVEL = "-Onone";
			};
			name = Debug;
		};
		5AFEA7E225714F4B008D04CC /* Release */ = {
			isa = XCBuildConfiguration;
			buildSettings = {
				ALWAYS_SEARCH_USER_PATHS = NO;
				CLANG_ANALYZER_NONNULL = YES;
				CLANG_ANALYZER_NUMBER_OBJECT_CONVERSION = YES_AGGRESSIVE;
				CLANG_CXX_LANGUAGE_STANDARD = "gnu++14";
				CLANG_CXX_LIBRARY = "libc++";
				CLANG_ENABLE_MODULES = YES;
				CLANG_ENABLE_OBJC_ARC = YES;
				CLANG_ENABLE_OBJC_WEAK = YES;
				CLANG_WARN_BLOCK_CAPTURE_AUTORELEASING = YES;
				CLANG_WARN_BOOL_CONVERSION = YES;
				CLANG_WARN_COMMA = YES;
				CLANG_WARN_CONSTANT_CONVERSION = YES;
				CLANG_WARN_DEPRECATED_OBJC_IMPLEMENTATIONS = YES;
				CLANG_WARN_DIRECT_OBJC_ISA_USAGE = YES_ERROR;
				CLANG_WARN_DOCUMENTATION_COMMENTS = YES;
				CLANG_WARN_EMPTY_BODY = YES;
				CLANG_WARN_ENUM_CONVERSION = YES;
				CLANG_WARN_INFINITE_RECURSION = YES;
				CLANG_WARN_INT_CONVERSION = YES;
				CLANG_WARN_NON_LITERAL_NULL_CONVERSION = YES;
				CLANG_WARN_OBJC_IMPLICIT_RETAIN_SELF = YES;
				CLANG_WARN_OBJC_LITERAL_CONVERSION = YES;
				CLANG_WARN_OBJC_ROOT_CLASS = YES_ERROR;
				CLANG_WARN_QUOTED_INCLUDE_IN_FRAMEWORK_HEADER = YES;
				CLANG_WARN_RANGE_LOOP_ANALYSIS = YES;
				CLANG_WARN_STRICT_PROTOTYPES = YES;
				CLANG_WARN_SUSPICIOUS_MOVE = YES;
				CLANG_WARN_UNGUARDED_AVAILABILITY = YES_AGGRESSIVE;
				CLANG_WARN_UNREACHABLE_CODE = YES;
				CLANG_WARN__DUPLICATE_METHOD_MATCH = YES;
				COPY_PHASE_STRIP = NO;
				DEBUG_INFORMATION_FORMAT = "dwarf-with-dsym";
				ENABLE_NS_ASSERTIONS = NO;
				ENABLE_STRICT_OBJC_MSGSEND = YES;
				GCC_C_LANGUAGE_STANDARD = gnu11;
				GCC_NO_COMMON_BLOCKS = YES;
				GCC_WARN_64_TO_32_BIT_CONVERSION = YES;
				GCC_WARN_ABOUT_RETURN_TYPE = YES_ERROR;
				GCC_WARN_UNDECLARED_SELECTOR = YES;
				GCC_WARN_UNINITIALIZED_AUTOS = YES_AGGRESSIVE;
				GCC_WARN_UNUSED_FUNCTION = YES;
				GCC_WARN_UNUSED_VARIABLE = YES;
				IPHONEOS_DEPLOYMENT_TARGET = 14.2;
				MTL_ENABLE_DEBUG_INFO = NO;
				MTL_FAST_MATH = YES;
				SDKROOT = iphoneos;
				SWIFT_COMPILATION_MODE = wholemodule;
				SWIFT_OPTIMIZATION_LEVEL = "-O";
				VALIDATE_PRODUCT = YES;
			};
			name = Release;
		};
		5AFEA7E425714F4B008D04CC /* Debug */ = {
			isa = XCBuildConfiguration;
			buildSettings = {
				ASSETCATALOG_COMPILER_APPICON_NAME = AppIcon;
				ASSETCATALOG_COMPILER_GLOBAL_ACCENT_COLOR_NAME = AccentColor;
				CODE_SIGN_STYLE = Automatic;
				INFOPLIST_FILE = FoodTracker/Info.plist;
				LD_RUNPATH_SEARCH_PATHS = (
					"$(inherited)",
					"@executable_path/Frameworks",
				);
				PRODUCT_BUNDLE_IDENTIFIER = com.reinertupaz.FoodTracker;
				PRODUCT_NAME = "$(TARGET_NAME)";
				SWIFT_VERSION = 5.0;
				TARGETED_DEVICE_FAMILY = "1,2";
			};
			name = Debug;
		};
		5AFEA7E525714F4B008D04CC /* Release */ = {
			isa = XCBuildConfiguration;
			buildSettings = {
				ASSETCATALOG_COMPILER_APPICON_NAME = AppIcon;
				ASSETCATALOG_COMPILER_GLOBAL_ACCENT_COLOR_NAME = AccentColor;
				CODE_SIGN_STYLE = Automatic;
				INFOPLIST_FILE = FoodTracker/Info.plist;
				LD_RUNPATH_SEARCH_PATHS = (
					"$(inherited)",
					"@executable_path/Frameworks",
				);
				PRODUCT_BUNDLE_IDENTIFIER = com.reinertupaz.FoodTracker;
				PRODUCT_NAME = "$(TARGET_NAME)";
				SWIFT_VERSION = 5.0;
				TARGETED_DEVICE_FAMILY = "1,2";
			};
			name = Release;
		};
		5AFEA7E725714F4B008D04CC /* Debug */ = {
			isa = XCBuildConfiguration;
			buildSettings = {
				ALWAYS_EMBED_SWIFT_STANDARD_LIBRARIES = YES;
				BUNDLE_LOADER = "$(TEST_HOST)";
				CODE_SIGN_STYLE = Automatic;
				INFOPLIST_FILE = FoodTrackerTests/Info.plist;
				IPHONEOS_DEPLOYMENT_TARGET = 14.2;
				LD_RUNPATH_SEARCH_PATHS = (
					"$(inherited)",
					"@executable_path/Frameworks",
					"@loader_path/Frameworks",
				);
				PRODUCT_BUNDLE_IDENTIFIER = com.reinertupaz.FoodTrackerTests;
				PRODUCT_NAME = "$(TARGET_NAME)";
				SWIFT_VERSION = 5.0;
				TARGETED_DEVICE_FAMILY = "1,2";
				TEST_HOST = "$(BUILT_PRODUCTS_DIR)/FoodTracker.app/FoodTracker";
			};
			name = Debug;
		};
		5AFEA7E825714F4B008D04CC /* Release */ = {
			isa = XCBuildConfiguration;
			buildSettings = {
				ALWAYS_EMBED_SWIFT_STANDARD_LIBRARIES = YES;
				BUNDLE_LOADER = "$(TEST_HOST)";
				CODE_SIGN_STYLE = Automatic;
				INFOPLIST_FILE = FoodTrackerTests/Info.plist;
				IPHONEOS_DEPLOYMENT_TARGET = 14.2;
				LD_RUNPATH_SEARCH_PATHS = (
					"$(inherited)",
					"@executable_path/Frameworks",
					"@loader_path/Frameworks",
				);
				PRODUCT_BUNDLE_IDENTIFIER = com.reinertupaz.FoodTrackerTests;
				PRODUCT_NAME = "$(TARGET_NAME)";
				SWIFT_VERSION = 5.0;
				TARGETED_DEVICE_FAMILY = "1,2";
				TEST_HOST = "$(BUILT_PRODUCTS_DIR)/FoodTracker.app/FoodTracker";
			};
			name = Release;
		};
		5AFEA7EA25714F4B008D04CC /* Debug */ = {
			isa = XCBuildConfiguration;
			buildSettings = {
				ALWAYS_EMBED_SWIFT_STANDARD_LIBRARIES = YES;
				CODE_SIGN_STYLE = Automatic;
				INFOPLIST_FILE = FoodTrackerUITests/Info.plist;
				LD_RUNPATH_SEARCH_PATHS = (
					"$(inherited)",
					"@executable_path/Frameworks",
					"@loader_path/Frameworks",
				);
				PRODUCT_BUNDLE_IDENTIFIER = com.reinertupaz.FoodTrackerUITests;
				PRODUCT_NAME = "$(TARGET_NAME)";
				SWIFT_VERSION = 5.0;
				TARGETED_DEVICE_FAMILY = "1,2";
				TEST_TARGET_NAME = FoodTracker;
			};
			name = Debug;
		};
		5AFEA7EB25714F4B008D04CC /* Release */ = {
			isa = XCBuildConfiguration;
			buildSettings = {
				ALWAYS_EMBED_SWIFT_STANDARD_LIBRARIES = YES;
				CODE_SIGN_STYLE = Automatic;
				INFOPLIST_FILE = FoodTrackerUITests/Info.plist;
				LD_RUNPATH_SEARCH_PATHS = (
					"$(inherited)",
					"@executable_path/Frameworks",
					"@loader_path/Frameworks",
				);
				PRODUCT_BUNDLE_IDENTIFIER = com.reinertupaz.FoodTrackerUITests;
				PRODUCT_NAME = "$(TARGET_NAME)";
				SWIFT_VERSION = 5.0;
				TARGETED_DEVICE_FAMILY = "1,2";
				TEST_TARGET_NAME = FoodTracker;
			};
			name = Release;
		};
/* End XCBuildConfiguration section */

/* Begin XCConfigurationList section */
		5AFEA7B425714F43008D04CC /* Build configuration list for PBXProject "FoodTracker" */ = {
			isa = XCConfigurationList;
			buildConfigurations = (
				5AFEA7E125714F4B008D04CC /* Debug */,
				5AFEA7E225714F4B008D04CC /* Release */,
			);
			defaultConfigurationIsVisible = 0;
			defaultConfigurationName = Release;
		};
		5AFEA7E325714F4B008D04CC /* Build configuration list for PBXNativeTarget "FoodTracker" */ = {
			isa = XCConfigurationList;
			buildConfigurations = (
				5AFEA7E425714F4B008D04CC /* Debug */,
				5AFEA7E525714F4B008D04CC /* Release */,
			);
			defaultConfigurationIsVisible = 0;
			defaultConfigurationName = Release;
		};
		5AFEA7E625714F4B008D04CC /* Build configuration list for PBXNativeTarget "FoodTrackerTests" */ = {
			isa = XCConfigurationList;
			buildConfigurations = (
				5AFEA7E725714F4B008D04CC /* Debug */,
				5AFEA7E825714F4B008D04CC /* Release */,
			);
			defaultConfigurationIsVisible = 0;
			defaultConfigurationName = Release;
		};
		5AFEA7E925714F4B008D04CC /* Build configuration list for PBXNativeTarget "FoodTrackerUITests" */ = {
			isa = XCConfigurationList;
			buildConfigurations = (
				5AFEA7EA25714F4B008D04CC /* Debug */,
				5AFEA7EB25714F4B008D04CC /* Release */,
			);
			defaultConfigurationIsVisible = 0;
			defaultConfigurationName = Release;
		};
/* End XCConfigurationList section */
	};
	rootObject = 5AFEA7B125714F43008D04CC /* Project object */;
}
